// !$*UTF8*$!
{
	archiveVersion = 1;
	classes = {
	};
	objectVersion = 46;
	objects = {

/* Begin PBXBuildFile section */
		B7A86DEC1992483D002F545A /* main.cpp in Sources */ = {isa = PBXBuildFile; fileRef = B7A86DEB1992483D002F545A /* main.cpp */; };
		B7D2D57D19E40B2A008C2A4C /* SceneFactory.cpp in Sources */ = {isa = PBXBuildFile; fileRef = B7D2D56819E40AA9008C2A4C /* SceneFactory.cpp */; };
		B7D2D57E19E40B2E008C2A4C /* Game.cpp in Sources */ = {isa = PBXBuildFile; fileRef = B7D2D57119E40AA9008C2A4C /* Game.cpp */; };
		B7D2D57F19E40B32008C2A4C /* Entity.cpp in Sources */ = {isa = PBXBuildFile; fileRef = B7D2D56F19E40AA9008C2A4C /* Entity.cpp */; };
		B7D2D58019E40B35008C2A4C /* Component.cpp in Sources */ = {isa = PBXBuildFile; fileRef = B7D2D56C19E40AA9008C2A4C /* Component.cpp */; };
		B7D2D58119E40B38008C2A4C /* Scene.cpp in Sources */ = {isa = PBXBuildFile; fileRef = B7D2D57419E40AA9008C2A4C /* Scene.cpp */; };
		B7D2D58219E40B3C008C2A4C /* InputManager.cpp in Sources */ = {isa = PBXBuildFile; fileRef = B7D2D57819E40AA9008C2A4C /* InputManager.cpp */; };
		B7D2D58319E40B3E008C2A4C /* SceneManager.cpp in Sources */ = {isa = PBXBuildFile; fileRef = B7D2D57B19E40AA9008C2A4C /* SceneManager.cpp */; };
		B7D2D58819E40BF6008C2A4C /* StartMenuScene.cpp in Sources */ = {isa = PBXBuildFile; fileRef = B7D2D58619E40BF6008C2A4C /* StartMenuScene.cpp */; };
/* End PBXBuildFile section */

/* Begin PBXCopyFilesBuildPhase section */
		B7A86DDA199247A0002F545A /* CopyFiles */ = {
			isa = PBXCopyFilesBuildPhase;
			buildActionMask = 2147483647;
			dstPath = /usr/share/man/man1/;
			dstSubfolderSpec = 0;
			files = (
			);
			runOnlyForDeploymentPostprocessing = 1;
		};
/* End PBXCopyFilesBuildPhase section */

/* Begin PBXFileReference section */
		B70CEE3D19EE964400021D2F /* GenericFactory.h */ = {isa = PBXFileReference; lastKnownFileType = sourcecode.c.h; path = GenericFactory.h; sourceTree = "<group>"; };
		B7A86DDC199247A0002F545A /* RPGEvolve */ = {isa = PBXFileReference; explicitFileType = "compiled.mach-o.executable"; includeInIndex = 0; path = RPGEvolve; sourceTree = BUILT_PRODUCTS_DIR; };
		B7A86DEB1992483D002F545A /* main.cpp */ = {isa = PBXFileReference; fileEncoding = 4; lastKnownFileType = sourcecode.cpp.cpp; name = main.cpp; path = ../../../../src/main.cpp; sourceTree = "<group>"; };
		B7D2D56819E40AA9008C2A4C /* SceneFactory.cpp */ = {isa = PBXFileReference; lastKnownFileType = sourcecode.cpp.cpp; path = SceneFactory.cpp; sourceTree = "<group>"; };
		B7D2D56919E40AA9008C2A4C /* SceneFactory.h */ = {isa = PBXFileReference; lastKnownFileType = sourcecode.c.h; path = SceneFactory.h; sourceTree = "<group>"; };
		B7D2D56C19E40AA9008C2A4C /* Component.cpp */ = {isa = PBXFileReference; lastKnownFileType = sourcecode.cpp.cpp; path = Component.cpp; sourceTree = "<group>"; };
		B7D2D56D19E40AA9008C2A4C /* Component.h */ = {isa = PBXFileReference; lastKnownFileType = sourcecode.c.h; path = Component.h; sourceTree = "<group>"; };
		B7D2D56F19E40AA9008C2A4C /* Entity.cpp */ = {isa = PBXFileReference; lastKnownFileType = sourcecode.cpp.cpp; path = Entity.cpp; sourceTree = "<group>"; };
		B7D2D57019E40AA9008C2A4C /* Entity.h */ = {isa = PBXFileReference; lastKnownFileType = sourcecode.c.h; path = Entity.h; sourceTree = "<group>"; };
		B7D2D57119E40AA9008C2A4C /* Game.cpp */ = {isa = PBXFileReference; lastKnownFileType = sourcecode.cpp.cpp; path = Game.cpp; sourceTree = "<group>"; };
		B7D2D57219E40AA9008C2A4C /* Game.h */ = {isa = PBXFileReference; lastKnownFileType = sourcecode.c.h; path = Game.h; sourceTree = "<group>"; };
		B7D2D57419E40AA9008C2A4C /* Scene.cpp */ = {isa = PBXFileReference; lastKnownFileType = sourcecode.cpp.cpp; path = Scene.cpp; sourceTree = "<group>"; };
		B7D2D57519E40AA9008C2A4C /* Scene.h */ = {isa = PBXFileReference; lastKnownFileType = sourcecode.c.h; path = Scene.h; sourceTree = "<group>"; };
		B7D2D57819E40AA9008C2A4C /* InputManager.cpp */ = {isa = PBXFileReference; lastKnownFileType = sourcecode.cpp.cpp; path = InputManager.cpp; sourceTree = "<group>"; };
		B7D2D57919E40AA9008C2A4C /* InputManager.h */ = {isa = PBXFileReference; lastKnownFileType = sourcecode.c.h; path = InputManager.h; sourceTree = "<group>"; };
		B7D2D57B19E40AA9008C2A4C /* SceneManager.cpp */ = {isa = PBXFileReference; lastKnownFileType = sourcecode.cpp.cpp; path = SceneManager.cpp; sourceTree = "<group>"; };
		B7D2D57C19E40AA9008C2A4C /* SceneManager.h */ = {isa = PBXFileReference; lastKnownFileType = sourcecode.c.h; path = SceneManager.h; sourceTree = "<group>"; };
		B7D2D58619E40BF6008C2A4C /* StartMenuScene.cpp */ = {isa = PBXFileReference; fileEncoding = 4; lastKnownFileType = sourcecode.cpp.cpp; path = StartMenuScene.cpp; sourceTree = "<group>"; };
		B7D2D58719E40BF6008C2A4C /* StartMenuScene.h */ = {isa = PBXFileReference; fileEncoding = 4; lastKnownFileType = sourcecode.c.h; path = StartMenuScene.h; sourceTree = "<group>"; };
/* End PBXFileReference section */

/* Begin PBXFrameworksBuildPhase section */
		B7A86DD9199247A0002F545A /* Frameworks */ = {
			isa = PBXFrameworksBuildPhase;
			buildActionMask = 2147483647;
			files = (
			);
			runOnlyForDeploymentPostprocessing = 0;
		};
/* End PBXFrameworksBuildPhase section */

/* Begin PBXGroup section */
		B70CEE3C19EE964400021D2F /* Utils */ = {
			isa = PBXGroup;
			children = (
				B70CEE3D19EE964400021D2F /* GenericFactory.h */,
			);
			path = Utils;
			sourceTree = "<group>";
		};
		B7A86DD3199247A0002F545A = {
			isa = PBXGroup;
			children = (
				B7A86DEA1992483D002F545A /* src */,
				B7A86DEB1992483D002F545A /* main.cpp */,
				B7A86DDD199247A0002F545A /* Products */,
			);
			sourceTree = "<group>";
		};
		B7A86DDD199247A0002F545A /* Products */ = {
			isa = PBXGroup;
			children = (
				B7A86DDC199247A0002F545A /* RPGEvolve */,
			);
			name = Products;
			sourceTree = "<group>";
		};
		B7A86DEA1992483D002F545A /* src */ = {
			isa = PBXGroup;
			children = (
				B7D2D56619E40AA9008C2A4C /* Engine */,
				B7D2D58419E40BC5008C2A4C /* Game */,
			);
			name = src;
			path = ../../../../src;
			sourceTree = "<group>";
		};
		B7D2D56619E40AA9008C2A4C /* Engine */ = {
			isa = PBXGroup;
			children = (
				B70CEE3C19EE964400021D2F /* Utils */,
				B7D2D56719E40AA9008C2A4C /* Factories */,
				B7D2D56A19E40AA9008C2A4C /* Game */,
				B7D2D57619E40AA9008C2A4C /* Managers */,
			);
			path = Engine;
			sourceTree = "<group>";
		};
		B7D2D56719E40AA9008C2A4C /* Factories */ = {
			isa = PBXGroup;
			children = (
				B7D2D56819E40AA9008C2A4C /* SceneFactory.cpp */,
				B7D2D56919E40AA9008C2A4C /* SceneFactory.h */,
			);
			path = Factories;
			sourceTree = "<group>";
		};
		B7D2D56A19E40AA9008C2A4C /* Game */ = {
			isa = PBXGroup;
			children = (
				B7D2D56B19E40AA9008C2A4C /* Component */,
				B7D2D56E19E40AA9008C2A4C /* Entity */,
				B7D2D57319E40AA9008C2A4C /* Scene */,
				B7D2D57119E40AA9008C2A4C /* Game.cpp */,
				B7D2D57219E40AA9008C2A4C /* Game.h */,
			);
			path = Game;
			sourceTree = "<group>";
		};
		B7D2D56B19E40AA9008C2A4C /* Component */ = {
			isa = PBXGroup;
			children = (
				B7D2D56C19E40AA9008C2A4C /* Component.cpp */,
				B7D2D56D19E40AA9008C2A4C /* Component.h */,
			);
			path = Component;
			sourceTree = "<group>";
		};
		B7D2D56E19E40AA9008C2A4C /* Entity */ = {
			isa = PBXGroup;
			children = (
				B7D2D56F19E40AA9008C2A4C /* Entity.cpp */,
				B7D2D57019E40AA9008C2A4C /* Entity.h */,
			);
			path = Entity;
			sourceTree = "<group>";
		};
		B7D2D57319E40AA9008C2A4C /* Scene */ = {
			isa = PBXGroup;
			children = (
				B7D2D57419E40AA9008C2A4C /* Scene.cpp */,
				B7D2D57519E40AA9008C2A4C /* Scene.h */,
			);
			path = Scene;
			sourceTree = "<group>";
		};
		B7D2D57619E40AA9008C2A4C /* Managers */ = {
			isa = PBXGroup;
			children = (
				B7D2D57719E40AA9008C2A4C /* InputManager */,
				B7D2D57A19E40AA9008C2A4C /* SceneManager */,
			);
			path = Managers;
			sourceTree = "<group>";
		};
		B7D2D57719E40AA9008C2A4C /* InputManager */ = {
			isa = PBXGroup;
			children = (
				B7D2D57819E40AA9008C2A4C /* InputManager.cpp */,
				B7D2D57919E40AA9008C2A4C /* InputManager.h */,
			);
			path = InputManager;
			sourceTree = "<group>";
		};
		B7D2D57A19E40AA9008C2A4C /* SceneManager */ = {
			isa = PBXGroup;
			children = (
				B7D2D57B19E40AA9008C2A4C /* SceneManager.cpp */,
				B7D2D57C19E40AA9008C2A4C /* SceneManager.h */,
			);
			path = SceneManager;
			sourceTree = "<group>";
		};
		B7D2D58419E40BC5008C2A4C /* Game */ = {
			isa = PBXGroup;
			children = (
				B7D2D58519E40BD4008C2A4C /* Scenes */,
			);
			path = Game;
			sourceTree = "<group>";
		};
		B7D2D58519E40BD4008C2A4C /* Scenes */ = {
			isa = PBXGroup;
			children = (
				B7D2D58619E40BF6008C2A4C /* StartMenuScene.cpp */,
				B7D2D58719E40BF6008C2A4C /* StartMenuScene.h */,
			);
			path = Scenes;
			sourceTree = "<group>";
		};
/* End PBXGroup section */

/* Begin PBXNativeTarget section */
		B7A86DDB199247A0002F545A /* RPGEvolve */ = {
			isa = PBXNativeTarget;
			buildConfigurationList = B7A86DE5199247A0002F545A /* Build configuration list for PBXNativeTarget "RPGEvolve" */;
			buildPhases = (
				B7A86DD8199247A0002F545A /* Sources */,
				B7A86DD9199247A0002F545A /* Frameworks */,
				B7A86DDA199247A0002F545A /* CopyFiles */,
			);
			buildRules = (
			);
			dependencies = (
			);
			name = RPGEvolve;
			productName = RPGEvolve;
			productReference = B7A86DDC199247A0002F545A /* RPGEvolve */;
			productType = "com.apple.product-type.tool";
		};
/* End PBXNativeTarget section */

/* Begin PBXProject section */
		B7A86DD4199247A0002F545A /* Project object */ = {
			isa = PBXProject;
			attributes = {
				LastUpgradeCheck = 0510;
				ORGANIZATIONNAME = aphilippe;
			};
			buildConfigurationList = B7A86DD7199247A0002F545A /* Build configuration list for PBXProject "RPGEvolve" */;
			compatibilityVersion = "Xcode 3.2";
			developmentRegion = English;
			hasScannedForEncodings = 0;
			knownRegions = (
				en,
			);
			mainGroup = B7A86DD3199247A0002F545A;
			productRefGroup = B7A86DDD199247A0002F545A /* Products */;
			projectDirPath = "";
			projectRoot = "";
			targets = (
				B7A86DDB199247A0002F545A /* RPGEvolve */,
			);
		};
/* End PBXProject section */

/* Begin PBXSourcesBuildPhase section */
		B7A86DD8199247A0002F545A /* Sources */ = {
			isa = PBXSourcesBuildPhase;
			buildActionMask = 2147483647;
			files = (
				B7D2D58219E40B3C008C2A4C /* InputManager.cpp in Sources */,
				B7D2D58119E40B38008C2A4C /* Scene.cpp in Sources */,
				B7A86DEC1992483D002F545A /* main.cpp in Sources */,
				B7D2D57D19E40B2A008C2A4C /* SceneFactory.cpp in Sources */,
				B7D2D57E19E40B2E008C2A4C /* Game.cpp in Sources */,
				B7D2D57F19E40B32008C2A4C /* Entity.cpp in Sources */,
				B7D2D58319E40B3E008C2A4C /* SceneManager.cpp in Sources */,
				B7D2D58019E40B35008C2A4C /* Component.cpp in Sources */,
				B7D2D58819E40BF6008C2A4C /* StartMenuScene.cpp in Sources */,
			);
			runOnlyForDeploymentPostprocessing = 0;
		};
/* End PBXSourcesBuildPhase section */

/* Begin XCBuildConfiguration section */
		B7A86DE3199247A0002F545A /* Debug */ = {
			isa = XCBuildConfiguration;
			buildSettings = {
				ALWAYS_SEARCH_USER_PATHS = NO;
				CLANG_CXX_LANGUAGE_STANDARD = "gnu++0x";
				CLANG_CXX_LIBRARY = "libc++";
				CLANG_ENABLE_MODULES = YES;
				CLANG_ENABLE_OBJC_ARC = YES;
				CLANG_WARN_BOOL_CONVERSION = YES;
				CLANG_WARN_CONSTANT_CONVERSION = YES;
				CLANG_WARN_DIRECT_OBJC_ISA_USAGE = YES_ERROR;
				CLANG_WARN_EMPTY_BODY = YES;
				CLANG_WARN_ENUM_CONVERSION = YES;
				CLANG_WARN_INT_CONVERSION = YES;
				CLANG_WARN_OBJC_ROOT_CLASS = YES_ERROR;
				CLANG_WARN__DUPLICATE_METHOD_MATCH = YES;
				COPY_PHASE_STRIP = NO;
				GCC_C_LANGUAGE_STANDARD = gnu99;
				GCC_DYNAMIC_NO_PIC = NO;
				GCC_ENABLE_OBJC_EXCEPTIONS = YES;
				GCC_OPTIMIZATION_LEVEL = 0;
				GCC_PREPROCESSOR_DEFINITIONS = (
					"DEBUG=1",
					"$(inherited)",
				);
				GCC_SYMBOLS_PRIVATE_EXTERN = NO;
				GCC_WARN_64_TO_32_BIT_CONVERSION = YES;
				GCC_WARN_ABOUT_RETURN_TYPE = YES_ERROR;
				GCC_WARN_UNDECLARED_SELECTOR = YES;
				GCC_WARN_UNINITIALIZED_AUTOS = YES_AGGRESSIVE;
				GCC_WARN_UNUSED_FUNCTION = YES;
				GCC_WARN_UNUSED_VARIABLE = YES;
				MACOSX_DEPLOYMENT_TARGET = 10.8;
				ONLY_ACTIVE_ARCH = YES;
				SDKROOT = macosx;
			};
			name = Debug;
		};
		B7A86DE4199247A0002F545A /* Release */ = {
			isa = XCBuildConfiguration;
			buildSettings = {
				ALWAYS_SEARCH_USER_PATHS = NO;
				CLANG_CXX_LANGUAGE_STANDARD = "gnu++0x";
				CLANG_CXX_LIBRARY = "libc++";
				CLANG_ENABLE_MODULES = YES;
				CLANG_ENABLE_OBJC_ARC = YES;
				CLANG_WARN_BOOL_CONVERSION = YES;
				CLANG_WARN_CONSTANT_CONVERSION = YES;
				CLANG_WARN_DIRECT_OBJC_ISA_USAGE = YES_ERROR;
				CLANG_WARN_EMPTY_BODY = YES;
				CLANG_WARN_ENUM_CONVERSION = YES;
				CLANG_WARN_INT_CONVERSION = YES;
				CLANG_WARN_OBJC_ROOT_CLASS = YES_ERROR;
				CLANG_WARN__DUPLICATE_METHOD_MATCH = YES;
				COPY_PHASE_STRIP = YES;
				DEBUG_INFORMATION_FORMAT = "dwarf-with-dsym";
				ENABLE_NS_ASSERTIONS = NO;
				GCC_C_LANGUAGE_STANDARD = gnu99;
				GCC_ENABLE_OBJC_EXCEPTIONS = YES;
				GCC_WARN_64_TO_32_BIT_CONVERSION = YES;
				GCC_WARN_ABOUT_RETURN_TYPE = YES_ERROR;
				GCC_WARN_UNDECLARED_SELECTOR = YES;
				GCC_WARN_UNINITIALIZED_AUTOS = YES_AGGRESSIVE;
				GCC_WARN_UNUSED_FUNCTION = YES;
				GCC_WARN_UNUSED_VARIABLE = YES;
				MACOSX_DEPLOYMENT_TARGET = 10.8;
				SDKROOT = macosx;
			};
			name = Release;
		};
		B7A86DE6199247A0002F545A /* Debug */ = {
			isa = XCBuildConfiguration;
			buildSettings = {
				CLANG_CXX_LANGUAGE_STANDARD = "gnu++0x";
				CLANG_CXX_LIBRARY = "libc++";
				PRODUCT_NAME = "$(TARGET_NAME)";
			};
			name = Debug;
		};
		B7A86DE7199247A0002F545A /* Release */ = {
			isa = XCBuildConfiguration;
			buildSettings = {
				CLANG_CXX_LANGUAGE_STANDARD = "gnu++0x";
				CLANG_CXX_LIBRARY = "libc++";
				PRODUCT_NAME = "$(TARGET_NAME)";
			};
			name = Release;
		};
/* End XCBuildConfiguration section */

/* Begin XCConfigurationList section */
		B7A86DD7199247A0002F545A /* Build configuration list for PBXProject "RPGEvolve" */ = {
			isa = XCConfigurationList;
			buildConfigurations = (
				B7A86DE3199247A0002F545A /* Debug */,
				B7A86DE4199247A0002F545A /* Release */,
			);
			defaultConfigurationIsVisible = 0;
			defaultConfigurationName = Release;
		};
		B7A86DE5199247A0002F545A /* Build configuration list for PBXNativeTarget "RPGEvolve" */ = {
			isa = XCConfigurationList;
			buildConfigurations = (
				B7A86DE6199247A0002F545A /* Debug */,
				B7A86DE7199247A0002F545A /* Release */,
			);
			defaultConfigurationIsVisible = 0;
			defaultConfigurationName = Release;
		};
/* End XCConfigurationList section */
	};
	rootObject = B7A86DD4199247A0002F545A /* Project object */;
}
