<?xml version="1.0" encoding="utf-8"?>
<Project ToolsVersion="4.0" xmlns="http://schemas.microsoft.com/developer/msbuild/2003">
  <ItemGroup>
    <Filter Include="Fichiers sources">
      <UniqueIdentifier>{4FC737F1-C7A5-4376-A066-2A32D752A2FF}</UniqueIdentifier>
      <Extensions>cpp;c;cc;cxx;def;odl;idl;hpj;bat;asm;asmx</Extensions>
    </Filter>
    <Filter Include="Fichiers d%27en-tête">
      <UniqueIdentifier>{93995380-89BD-4b04-88EB-625FBE52EBFB}</UniqueIdentifier>
      <Extensions>h;hh;hpp;hxx;hm;inl;inc;xsd</Extensions>
    </Filter>
    <Filter Include="Fichiers de ressources">
      <UniqueIdentifier>{67DA6AB6-F800-4c08-8B7A-83BB121AAD01}</UniqueIdentifier>
      <Extensions>rc;ico;cur;bmp;dlg;rc2;rct;bin;rgs;gif;jpg;jpeg;jpe;resx;tiff;tif;png;wav;mfcribbon-ms</Extensions>
    </Filter>
    <Filter Include="Fichiers sources\Game">
      <UniqueIdentifier>{68eacc3b-f27e-41c2-931b-f2ece5bd4c97}</UniqueIdentifier>
    </Filter>
    <Filter Include="Fichiers sources\Game\Scene">
      <UniqueIdentifier>{42ac6122-b9d5-4066-abf8-30b5c8b9cb94}</UniqueIdentifier>
    </Filter>
    <Filter Include="Fichiers sources\Game\Entity">
      <UniqueIdentifier>{7c67e9c6-f26b-431c-9d31-8e73b1de7136}</UniqueIdentifier>
    </Filter>
    <Filter Include="Fichiers sources\Game\Component">
      <UniqueIdentifier>{f8b6d6c8-e20a-46ba-8ece-876af2c45c4b}</UniqueIdentifier>
    </Filter>
    <Filter Include="Fichiers sources\Managers">
      <UniqueIdentifier>{2904a021-14c0-4e1f-b941-248038fefe8f}</UniqueIdentifier>
    </Filter>
    <Filter Include="Fichiers sources\Managers\InputManager">
      <UniqueIdentifier>{b1e175b9-f736-4116-8352-48a48d350ff7}</UniqueIdentifier>
    </Filter>
    <Filter Include="Fichiers sources\Managers\SceneManager">
      <UniqueIdentifier>{6e9505ba-f584-4a61-a861-cdb23143ed64}</UniqueIdentifier>
    </Filter>
  </ItemGroup>
  <ItemGroup>
    <ClCompile Include="..\..\..\..\src\main.cpp">
      <Filter>Fichiers sources</Filter>
    </ClCompile>
    <ClCompile Include="..\..\..\..\src\Game\Game.cpp">
      <Filter>Fichiers sources\Game</Filter>
    </ClCompile>
    <ClCompile Include="..\..\..\..\src\Game\Component\Component.cpp">
      <Filter>Fichiers sources\Game\Component</Filter>
    </ClCompile>
    <ClCompile Include="..\..\..\..\src\Game\Entity\Entity.cpp">
      <Filter>Fichiers sources\Game\Entity</Filter>
    </ClCompile>
    <ClCompile Include="..\..\..\..\src\Game\Scene\Scene.cpp">
      <Filter>Fichiers sources\Game\Scene</Filter>
    </ClCompile>
    <ClCompile Include="..\..\..\..\src\Managers\SceneManager\SceneManager.cpp">
      <Filter>Fichiers sources\Managers\SceneManager</Filter>
    </ClCompile>
    <ClCompile Include="..\..\..\..\src\Managers\InputManager\InputManager.cpp">
      <Filter>Fichiers sources\Managers\InputManager</Filter>
    </ClCompile>
  </ItemGroup>
  <ItemGroup>
    <ClInclude Include="..\..\..\..\src\Game\Game.h">
      <Filter>Fichiers sources\Game</Filter>
    </ClInclude>
    <ClInclude Include="..\..\..\..\src\Game\Component\Component.h">
      <Filter>Fichiers sources\Game\Component</Filter>
    </ClInclude>
    <ClInclude Include="..\..\..\..\src\Game\Entity\Entity.h">
      <Filter>Fichiers sources\Game\Entity</Filter>
    </ClInclude>
    <ClInclude Include="..\..\..\..\src\Game\Scene\Scene.h">
      <Filter>Fichiers sources\Game\Scene</Filter>
    </ClInclude>
    <ClInclude Include="..\..\..\..\src\Managers\SceneManager\SceneManager.h">
      <Filter>Fichiers sources\Managers\SceneManager</Filter>
    </ClInclude>
    <ClInclude Include="..\..\..\..\src\Managers\InputManager\InputManager.h">
      <Filter>Fichiers sources\Managers\InputManager</Filter>
    </ClInclude>
  </ItemGroup>
</Project>