<?xml version="1.0" encoding="utf-8"?>
<Project ToolsVersion="4.0" xmlns="http://schemas.microsoft.com/developer/msbuild/2003">
  <ItemGroup>
    <Filter Include="Fichiers sources">
      <UniqueIdentifier>{4FC737F1-C7A5-4376-A066-2A32D752A2FF}</UniqueIdentifier>
      <Extensions>cpp;c;cc;cxx;def;odl;idl;hpj;bat;asm;asmx</Extensions>
    </Filter>
    <Filter Include="Fichiers d%27en-tête">
      <UniqueIdentifier>{93995380-89BD-4b04-88EB-625FBE52EBFB}</UniqueIdentifier>
      <Extensions>h;hh;hpp;hxx;hm;inl;inc;xsd</Extensions>
    </Filter>
    <Filter Include="Fichiers de ressources">
      <UniqueIdentifier>{67DA6AB6-F800-4c08-8B7A-83BB121AAD01}</UniqueIdentifier>
      <Extensions>rc;ico;cur;bmp;dlg;rc2;rct;bin;rgs;gif;jpg;jpeg;jpe;resx;tiff;tif;png;wav;mfcribbon-ms</Extensions>
    </Filter>
    <Filter Include="Fichiers sources\Engine">
      <UniqueIdentifier>{9c9955a5-9c4f-4aa0-9ebb-a326d03d12e4}</UniqueIdentifier>
    </Filter>
    <Filter Include="Fichiers sources\Game">
      <UniqueIdentifier>{b81b33c2-59e7-4559-8b13-bb62cfa4688f}</UniqueIdentifier>
    </Filter>
    <Filter Include="Fichiers sources\Game\Scenes">
      <UniqueIdentifier>{dd8fc52e-861e-4a4b-88b6-c26de9dcf94f}</UniqueIdentifier>
    </Filter>
    <Filter Include="Fichiers sources\Engine\Factories">
      <UniqueIdentifier>{9be89f91-d799-4a84-942b-59d75e6b2bcd}</UniqueIdentifier>
    </Filter>
    <Filter Include="Fichiers sources\Engine\Game">
      <UniqueIdentifier>{345009a7-c548-42b2-8407-5e121eca2123}</UniqueIdentifier>
    </Filter>
    <Filter Include="Fichiers sources\Engine\Managers">
      <UniqueIdentifier>{e5395e95-de81-437f-beac-dfe6f0996958}</UniqueIdentifier>
    </Filter>
    <Filter Include="Fichiers sources\Engine\Utils">
      <UniqueIdentifier>{29fe3265-007f-4b3d-a330-514989ed7c98}</UniqueIdentifier>
    </Filter>
    <Filter Include="Fichiers sources\Engine\Game\Component">
      <UniqueIdentifier>{1a880b63-0116-4dda-8cbf-0d54ab883e7c}</UniqueIdentifier>
    </Filter>
    <Filter Include="Fichiers sources\Engine\Game\Entity">
      <UniqueIdentifier>{63d8138c-9e67-4b01-8908-ad1d0c0620eb}</UniqueIdentifier>
    </Filter>
    <Filter Include="Fichiers sources\Engine\Game\Scene">
      <UniqueIdentifier>{66f22ccd-bd1b-48a2-a64a-e4a06b39a60e}</UniqueIdentifier>
    </Filter>
    <Filter Include="Fichiers sources\Engine\Managers\InputManagers">
      <UniqueIdentifier>{a34b9571-121f-406a-bb98-bc9ca85a22f3}</UniqueIdentifier>
    </Filter>
    <Filter Include="Fichiers sources\Engine\Managers\SceneManager">
      <UniqueIdentifier>{f1a66080-1974-455a-9e42-846aa3bb3aff}</UniqueIdentifier>
    </Filter>
    <Filter Include="Fichiers sources\Engine\Game\Component\subclass">
      <UniqueIdentifier>{29b44aa1-1f4c-4e2c-b008-32db7fcf1194}</UniqueIdentifier>
    </Filter>
    <Filter Include="Fichiers sources\Engine\Game\Subsystems">
      <UniqueIdentifier>{4f4e60d5-4620-4d34-8f20-7bb2c1e4d71a}</UniqueIdentifier>
    </Filter>
    <Filter Include="Fichiers sources\Game\Components">
      <UniqueIdentifier>{6ecf864a-6428-4682-b834-af0df154b7f6}</UniqueIdentifier>
    </Filter>
  </ItemGroup>
  <ItemGroup>
    <ClCompile Include="..\..\..\..\src\main.cpp">
      <Filter>Fichiers sources</Filter>
    </ClCompile>
    <ClCompile Include="..\..\..\..\src\Game\Scenes\StartMenuScene.cpp">
      <Filter>Fichiers sources\Game\Scenes</Filter>
    </ClCompile>
    <ClCompile Include="..\..\..\..\src\Engine\Factories\EntityFactory.cpp">
      <Filter>Fichiers sources\Engine\Factories</Filter>
    </ClCompile>
    <ClCompile Include="..\..\..\..\src\Engine\Game\Entity\Entity.cpp">
      <Filter>Fichiers sources\Engine\Game\Entity</Filter>
    </ClCompile>
    <ClCompile Include="..\..\..\..\src\Engine\Game\Component\Component.cpp">
      <Filter>Fichiers sources\Engine\Game\Component</Filter>
    </ClCompile>
    <ClCompile Include="..\..\..\..\src\Engine\Game\Game.cpp">
      <Filter>Fichiers sources\Engine\Game</Filter>
    </ClCompile>
    <ClCompile Include="..\..\..\..\src\Engine\Game\Scene\Scene.cpp">
      <Filter>Fichiers sources\Engine\Game\Scene</Filter>
    </ClCompile>
    <ClCompile Include="..\..\..\..\src\Engine\Managers\InputManager\InputManager.cpp">
      <Filter>Fichiers sources\Engine\Managers\InputManagers</Filter>
    </ClCompile>
    <ClCompile Include="..\..\..\..\src\Engine\Managers\SceneManager\SceneManager.cpp">
      <Filter>Fichiers sources\Engine\Managers\SceneManager</Filter>
    </ClCompile>
    <ClCompile Include="..\..\..\..\src\Engine\Game\Component\subclasses\BehaviourComponent.cpp">
      <Filter>Fichiers sources\Engine\Game\Component\subclass</Filter>
    </ClCompile>
    <ClCompile Include="..\..\..\..\src\Engine\Game\SubSystems\BehaviourSubSystem.cpp">
      <Filter>Fichiers sources\Engine\Game\Subsystems</Filter>
    </ClCompile>
    <ClCompile Include="..\..\..\..\src\Game\Components\TextComponent.cpp">
      <Filter>Fichiers sources\Game\Components</Filter>
    </ClCompile>
    <ClCompile Include="..\..\..\..\src\Engine\Factories\ComponentsFactory.cpp">
      <Filter>Fichiers sources\Engine\Factories</Filter>
    </ClCompile>
  </ItemGroup>
  <ItemGroup>
    <ClInclude Include="..\..\..\..\src\Game\Scenes\StartMenuScene.h">
      <Filter>Fichiers sources\Game\Scenes</Filter>
    </ClInclude>
    <ClInclude Include="..\..\..\..\src\Engine\Factories\EntityFactory.h">
      <Filter>Fichiers sources\Engine\Factories</Filter>
    </ClInclude>
    <ClInclude Include="..\..\..\..\src\Engine\Game\Entity\Entity.h">
      <Filter>Fichiers sources\Engine\Game\Entity</Filter>
    </ClInclude>
    <ClInclude Include="..\..\..\..\src\Engine\Game\Component\Component.h">
      <Filter>Fichiers sources\Engine\Game\Component</Filter>
    </ClInclude>
    <ClInclude Include="..\..\..\..\src\Engine\Game\Game.h">
      <Filter>Fichiers sources\Engine\Game</Filter>
    </ClInclude>
    <ClInclude Include="..\..\..\..\src\Engine\Game\Scene\Scene.h">
      <Filter>Fichiers sources\Engine\Game\Scene</Filter>
    </ClInclude>
    <ClInclude Include="..\..\..\..\src\Engine\Managers\InputManager\InputManager.h">
      <Filter>Fichiers sources\Engine\Managers\InputManagers</Filter>
    </ClInclude>
    <ClInclude Include="..\..\..\..\src\Engine\Managers\SceneManager\SceneManager.h">
      <Filter>Fichiers sources\Engine\Managers\SceneManager</Filter>
    </ClInclude>
    <ClInclude Include="..\..\..\..\src\Engine\Utils\GenericFactory.h">
      <Filter>Fichiers sources\Engine\Utils</Filter>
    </ClInclude>
    <ClInclude Include="..\..\..\..\src\Engine\Game\Component\subclasses\BehaviourComponent.h">
      <Filter>Fichiers sources\Engine\Game\Component\subclass</Filter>
    </ClInclude>
    <ClInclude Include="..\..\..\..\src\Engine\Game\SubSystems\BehaviourSubSystem.h">
      <Filter>Fichiers sources\Engine\Game\Subsystems</Filter>
    </ClInclude>
    <ClInclude Include="..\..\..\..\src\Game\Components\TextComponent.h">
      <Filter>Fichiers sources\Game\Components</Filter>
    </ClInclude>
    <ClInclude Include="..\..\..\..\src\Engine\Factories\ComponentsFactory.h">
      <Filter>Fichiers sources\Engine\Factories</Filter>
    </ClInclude>
  </ItemGroup>
</Project>